
Microsoft Visual Studio Solution File, Format Version 12.00
# Visual Studio Version 17
VisualStudioVersion = 17.14.36414.22
MinimumVisualStudioVersion = 10.0.40219.1
Project("{8BC9CEB8-8B4A-11D0-8D11-00A0C91BC942}") = "EchoGrid_3D", "EchoGrid_3D.vcxproj", "{550DB66B-CA99-4D37-B833-5585197C9665}"
EndProject
Global
	GlobalSection(SolutionConfigurationPlatforms) = preSolution
		Debug|x64 = Debug|x64
		Debug|x86 = Debug|x86
		Release|x64 = Release|x64
		Release|x86 = Release|x86
	EndGlobalSection
	GlobalSection(ProjectConfigurationPlatforms) = postSolution
		{550DB66B-CA99-4D37-B833-5585197C9665}.Debug|x64.ActiveCfg = Debug|x64
		{550DB66B-CA99-4D37-B833-5585197C9665}.Debug|x64.Build.0 = Debug|x64
		{550DB66B-CA99-4D37-B833-5585197C9665}.Debug|x86.ActiveCfg = Debug|x64
		{550DB66B-CA99-4D37-B833-5585197C9665}.Debug|x86.Build.0 = Debug|x64
		{550DB66B-CA99-4D37-B833-5585197C9665}.Release|x64.ActiveCfg = Release|x64
		{550DB66B-CA99-4D37-B833-5585197C9665}.Release|x64.Build.0 = Release|x64
		{550DB66B-CA99-4D37-B833-5585197C9665}.Release|x86.ActiveCfg = Release|x64
		{550DB66B-CA99-4D37-B833-5585197C9665}.Release|x86.Build.0 = Release|x64
	EndGlobalSection
	GlobalSection(SolutionProperties) = preSolution
		HideSolutionNode = FALSE
	EndGlobalSection
	GlobalSection(ExtensibilityGlobals) = postSolution
		SolutionGuid = {CED489AD-8705-4BD4-A772-F5AD0ED448FC}
	EndGlobalSection
EndGlobal
